
Microsoft Visual Studio Solution File, Format Version 12.00
# Visual Studio 15
VisualStudioVersion = 15.0.34112.143
MinimumVisualStudioVersion = 10.0.40219.1
Project("{FAE04EC0-301F-11D3-BF4B-00C04F79EFBC}") = "DBMS Project", "DBMS Project\DBMS Project.csproj", "{CBB4D295-4E9B-477A-9BF1-F2986581B059}"
EndProject
Global
	GlobalSection(SolutionConfigurationPlatforms) = preSolution
		Debug|Any CPU = Debug|Any CPU
		Release|Any CPU = Release|Any CPU
	EndGlobalSection
	GlobalSection(ProjectConfigurationPlatforms) = postSolution
		{CBB4D295-4E9B-477A-9BF1-F2986581B059}.Debug|Any CPU.ActiveCfg = Debug|Any CPU
		{CBB4D295-4E9B-477A-9BF1-F2986581B059}.Debug|Any CPU.Build.0 = Debug|Any CPU
		{CBB4D295-4E9B-477A-9BF1-F2986581B059}.Release|Any CPU.ActiveCfg = Release|Any CPU
		{CBB4D295-4E9B-477A-9BF1-F2986581B059}.Release|Any CPU.Build.0 = Release|Any CPU
	EndGlobalSection
	GlobalSection(SolutionProperties) = preSolution
		HideSolutionNode = FALSE
	EndGlobalSection
	GlobalSection(ExtensibilityGlobals) = postSolution
		SolutionGuid = {914C8DEF-3329-4A5D-B3B6-CF89FAF854DB}
	EndGlobalSection
EndGlobal
